
Microsoft Visual Studio Solution File, Format Version 12.00
# Visual Studio 15
VisualStudioVersion = 15.0.28010.2046
MinimumVisualStudioVersion = 10.0.40219.1
Project("{FAE04EC0-301F-11D3-BF4B-00C04F79EFBC}") = "TodoApi", "TodoApi\TodoApi.csproj", "{A0496CE1-D9BC-49D0-A361-661A21F7C9A1}"
EndProject
Global
	GlobalSection(SolutionConfigurationPlatforms) = preSolution
		Debug|Any CPU = Debug|Any CPU
		Release|Any CPU = Release|Any CPU
	EndGlobalSection
	GlobalSection(ProjectConfigurationPlatforms) = postSolution
		{A0496CE1-D9BC-49D0-A361-661A21F7C9A1}.Debug|Any CPU.ActiveCfg = Debug|Any CPU
		{A0496CE1-D9BC-49D0-A361-661A21F7C9A1}.Debug|Any CPU.Build.0 = Debug|Any CPU
		{A0496CE1-D9BC-49D0-A361-661A21F7C9A1}.Release|Any CPU.ActiveCfg = Release|Any CPU
		{A0496CE1-D9BC-49D0-A361-661A21F7C9A1}.Release|Any CPU.Build.0 = Release|Any CPU
	EndGlobalSection
	GlobalSection(SolutionProperties) = preSolution
		HideSolutionNode = FALSE
	EndGlobalSection
	GlobalSection(ExtensibilityGlobals) = postSolution
		SolutionGuid = {E09DEB57-2D5A-4FCB-9A10-8279C28D1B17}
	EndGlobalSection
EndGlobal
